
Microsoft Visual Studio Solution File, Format Version 12.00
# Visual Studio Version 16
VisualStudioVersion = 16.0.30907.101
MinimumVisualStudioVersion = 10.0.40219.1
Project("{FAE04EC0-301F-11D3-BF4B-00C04F79EFBC}") = "EmployeeWebClient", "EmployeeWebClient\EmployeeWebClient.csproj", "{4C7E181F-2883-4B36-96F2-871F7BC6B70E}"
EndProject
Global
	GlobalSection(SolutionConfigurationPlatforms) = preSolution
		Debug|Any CPU = Debug|Any CPU
		Release|Any CPU = Release|Any CPU
	EndGlobalSection
	GlobalSection(ProjectConfigurationPlatforms) = postSolution
		{4C7E181F-2883-4B36-96F2-871F7BC6B70E}.Debug|Any CPU.ActiveCfg = Debug|Any CPU
		{4C7E181F-2883-4B36-96F2-871F7BC6B70E}.Debug|Any CPU.Build.0 = Debug|Any CPU
		{4C7E181F-2883-4B36-96F2-871F7BC6B70E}.Release|Any CPU.ActiveCfg = Release|Any CPU
		{4C7E181F-2883-4B36-96F2-871F7BC6B70E}.Release|Any CPU.Build.0 = Release|Any CPU
	EndGlobalSection
	GlobalSection(SolutionProperties) = preSolution
		HideSolutionNode = FALSE
	EndGlobalSection
	GlobalSection(ExtensibilityGlobals) = postSolution
		SolutionGuid = {815CE138-FE43-4331-BACC-A70494343792}
	EndGlobalSection
EndGlobal
